# THIS IS AN AUTOGENERATED FILE. DO NOT EDIT THIS FILE DIRECTLY.
# yarn lockfile v1


"@babel/runtime@^7.15.3":
  version "7.20.1"
  resolved "https://registry.yarnpkg.com/@babel/runtime/-/runtime-7.20.1.tgz#1148bb33ab252b165a06698fde7576092a78b4a9"
  integrity sha512-mrzLkl6U9YLF8qpqI7TB82PESyEGjm/0Ly91jG575eVxMMlb8fYfOXFZIJ8XfLrJZQbm7dlKry2bJmXBUEkdFg==
  dependencies:
    regenerator-runtime "^0.13.10"

"@tiki.vn/tini-style@0.11.0":
  version "0.11.0"
  resolved "https://registry.yarnpkg.com/@tiki.vn/tini-style/-/tini-style-0.11.0.tgz#755278ceccf84e4e2eb0dd0b7bd96cedbba627ed"
  integrity sha512-N5frWPa855UhRP/DfNDt7IJxlND82v1yqCLSAB+ck4Rm9Go+Cx4jSu7zxP8+Cw2idgLq/Ke9VUe9Hy7llcLwdw==

"@tiki.vn/tini-ui@^0.11.0":
  version "0.11.0"
  resolved "https://registry.yarnpkg.com/@tiki.vn/tini-ui/-/tini-ui-0.11.0.tgz#4f8041f74f984ff677757b69e4172e681978e47a"
  integrity sha512-+T5TBGu707UpD2SfduM2perLm7o1crg9NvbE/YB6E2cfB/32lNTIL42Cm9RW0nLy2cmGXnp+FOoHHp1gX77uOA==
  dependencies:
    "@babel/runtime" "^7.15.3"
    "@tiki.vn/tini-style" "0.11.0"

decode-uri-component@^0.2.0:
  version "0.2.0"
  resolved "https://registry.yarnpkg.com/decode-uri-component/-/decode-uri-component-0.2.0.tgz#eb3913333458775cb84cd1a1fae062106bb87545"
  integrity sha512-hjf+xovcEn31w/EUYdTXQh/8smFL/dzYjohQGEIgjyNavaJfBY2p5F527Bo1VPATxv0VYTUC2bOcXvqFwk78Og==

filter-obj@^1.1.0:
  version "1.1.0"
  resolved "https://registry.yarnpkg.com/filter-obj/-/filter-obj-1.1.0.tgz#9b311112bc6c6127a16e016c6c5d7f19e0805c5b"
  integrity sha512-8rXg1ZnX7xzy2NGDVkBVaAy+lSlPNwad13BtgSlLuxfIslyt5Vg64U7tFcCt4WS1R0hvtnQybT/IyCkGZ3DpXQ==

query-string@^7.1.1:
  version "7.1.1"
  resolved "https://registry.yarnpkg.com/query-string/-/query-string-7.1.1.tgz#754620669db978625a90f635f12617c271a088e1"
  integrity sha512-MplouLRDHBZSG9z7fpuAAcI7aAYjDLhtsiVZsevsfaHWDS2IDdORKbSd1kWUA+V4zyva/HZoSfpwnYMMQDhb0w==
  dependencies:
    decode-uri-component "^0.2.0"
    filter-obj "^1.1.0"
    split-on-first "^1.0.0"
    strict-uri-encode "^2.0.0"

regenerator-runtime@^0.13.10:
  version "0.13.10"
  resolved "https://registry.yarnpkg.com/regenerator-runtime/-/regenerator-runtime-0.13.10.tgz#ed07b19616bcbec5da6274ebc75ae95634bfc2ee"
  integrity sha512-KepLsg4dU12hryUO7bp/axHAKvwGOCV0sGloQtpagJ12ai+ojVDqkeGSiRX1zlq+kjIMZ1t7gpze+26QqtdGqw==

split-on-first@^1.0.0:
  version "1.1.0"
  resolved "https://registry.yarnpkg.com/split-on-first/-/split-on-first-1.1.0.tgz#f610afeee3b12bce1d0c30425e76398b78249a5f"
  integrity sha512-43ZssAJaMusuKWL8sKUBQXHWOpq8d6CfN/u1p4gUzfJkM05C8rxTmYrkIPTXapZpORA6LkkzcUulJ8FqA7Uudw==

strict-uri-encode@^2.0.0:
  version "2.0.0"
  resolved "https://registry.yarnpkg.com/strict-uri-encode/-/strict-uri-encode-2.0.0.tgz#b9c7330c7042862f6b142dc274bbcc5866ce3546"
  integrity sha512-QwiXZgpRcKkhTj2Scnn++4PKtWsH0kpzZ62L2R6c/LUVYv7hVnZqcg2+sMuT6R7Jusu1vviK/MFsu6kNJfWlEQ==
